
Microsoft Visual Studio Solution File, Format Version 12.00
# Visual Studio Version 16
VisualStudioVersion = 16.0.29318.209
MinimumVisualStudioVersion = 10.0.40219.1
Project("{9A19103F-16F7-4668-BE54-9A1E7A4F7556}") = "NEW", "NEW.csproj", "{68AA0140-7064-4D4F-A808-F7E72679A0AE}"
EndProject
Global
	GlobalSection(SolutionConfigurationPlatforms) = preSolution
		Debug|Any CPU = Debug|Any CPU
		Release|Any CPU = Release|Any CPU
	EndGlobalSection
	GlobalSection(ProjectConfigurationPlatforms) = postSolution
		{68AA0140-7064-4D4F-A808-F7E72679A0AE}.Debug|Any CPU.ActiveCfg = Debug|Any CPU
		{68AA0140-7064-4D4F-A808-F7E72679A0AE}.Debug|Any CPU.Build.0 = Debug|Any CPU
		{68AA0140-7064-4D4F-A808-F7E72679A0AE}.Release|Any CPU.ActiveCfg = Release|Any CPU
		{68AA0140-7064-4D4F-A808-F7E72679A0AE}.Release|Any CPU.Build.0 = Release|Any CPU
	EndGlobalSection
	GlobalSection(SolutionProperties) = preSolution
		HideSolutionNode = FALSE
	EndGlobalSection
	GlobalSection(ExtensibilityGlobals) = postSolution
		SolutionGuid = {A8250277-6847-4178-B308-743C4EA3385F}
	EndGlobalSection
EndGlobal
